// !$*UTF8*$!
{
	archiveVersion = 1;
	classes = {
	};
	objectVersion = 56;
	objects = {

/* Begin PBXBuildFile section */
		CE7EE42A2AC19DC00041D08C /* AppDelegate.swift in Sources */ = {isa = PBXBuildFile; fileRef = CE7EE4292AC19DC00041D08C /* AppDelegate.swift */; };
		CE7EE42C2AC19DC00041D08C /* SceneDelegate.swift in Sources */ = {isa = PBXBuildFile; fileRef = CE7EE42B2AC19DC00041D08C /* SceneDelegate.swift */; };
		CE7EE42E2AC19DC00041D08C /* ViewController.swift in Sources */ = {isa = PBXBuildFile; fileRef = CE7EE42D2AC19DC00041D08C /* ViewController.swift */; };
		CE7EE4312AC19DC00041D08C /* Main.storyboard in Resources */ = {isa = PBXBuildFile; fileRef = CE7EE42F2AC19DC00041D08C /* Main.storyboard */; };
		CE7EE4332AC19DC20041D08C /* Assets.xcassets in Resources */ = {isa = PBXBuildFile; fileRef = CE7EE4322AC19DC20041D08C /* Assets.xcassets */; };
		CE7EE4362AC19DC20041D08C /* LaunchScreen.storyboard in Resources */ = {isa = PBXBuildFile; fileRef = CE7EE4342AC19DC20041D08C /* LaunchScreen.storyboard */; };
		CE7EE43E2AC19E220041D08C /* Student_TableViewCell.swift in Sources */ = {isa = PBXBuildFile; fileRef = CE7EE43D2AC19E220041D08C /* Student_TableViewCell.swift */; };
		CE7EE4402AC2FBE80041D08C /* Note_ViewController.swift in Sources */ = {isa = PBXBuildFile; fileRef = CE7EE43F2AC2FBE80041D08C /* Note_ViewController.swift */; };
		CE7EE4442AC2FD700041D08C /* Note_TableViewCell.swift in Sources */ = {isa = PBXBuildFile; fileRef = CE7EE4432AC2FD700041D08C /* Note_TableViewCell.swift */; };
/* End PBXBuildFile section */

/* Begin PBXFileReference section */
		CE7EE4262AC19DC00041D08C /* Buoi10-WebServerAssignment.app */ = {isa = PBXFileReference; explicitFileType = wrapper.application; includeInIndex = 0; path = "Buoi10-WebServerAssignment.app"; sourceTree = BUILT_PRODUCTS_DIR; };
		CE7EE4292AC19DC00041D08C /* AppDelegate.swift */ = {isa = PBXFileReference; lastKnownFileType = sourcecode.swift; path = AppDelegate.swift; sourceTree = "<group>"; };
		CE7EE42B2AC19DC00041D08C /* SceneDelegate.swift */ = {isa = PBXFileReference; lastKnownFileType = sourcecode.swift; path = SceneDelegate.swift; sourceTree = "<group>"; };
		CE7EE42D2AC19DC00041D08C /* ViewController.swift */ = {isa = PBXFileReference; lastKnownFileType = sourcecode.swift; path = ViewController.swift; sourceTree = "<group>"; };
		CE7EE4302AC19DC00041D08C /* Base */ = {isa = PBXFileReference; lastKnownFileType = file.storyboard; name = Base; path = Base.lproj/Main.storyboard; sourceTree = "<group>"; };
		CE7EE4322AC19DC20041D08C /* Assets.xcassets */ = {isa = PBXFileReference; lastKnownFileType = folder.assetcatalog; path = Assets.xcassets; sourceTree = "<group>"; };
		CE7EE4352AC19DC20041D08C /* Base */ = {isa = PBXFileReference; lastKnownFileType = file.storyboard; name = Base; path = Base.lproj/LaunchScreen.storyboard; sourceTree = "<group>"; };
		CE7EE4372AC19DC20041D08C /* Info.plist */ = {isa = PBXFileReference; lastKnownFileType = text.plist.xml; path = Info.plist; sourceTree = "<group>"; };
		CE7EE43D2AC19E220041D08C /* Student_TableViewCell.swift */ = {isa = PBXFileReference; lastKnownFileType = sourcecode.swift; path = Student_TableViewCell.swift; sourceTree = "<group>"; };
		CE7EE43F2AC2FBE80041D08C /* Note_ViewController.swift */ = {isa = PBXFileReference; lastKnownFileType = sourcecode.swift; path = Note_ViewController.swift; sourceTree = "<group>"; };
		CE7EE4432AC2FD700041D08C /* Note_TableViewCell.swift */ = {isa = PBXFileReference; lastKnownFileType = sourcecode.swift; path = Note_TableViewCell.swift; sourceTree = "<group>"; };
/* End PBXFileReference section */

/* Begin PBXFrameworksBuildPhase section */
		CE7EE4232AC19DC00041D08C /* Frameworks */ = {
			isa = PBXFrameworksBuildPhase;
			buildActionMask = 2147483647;
			files = (
			);
			runOnlyForDeploymentPostprocessing = 0;
		};
/* End PBXFrameworksBuildPhase section */

/* Begin PBXGroup section */
		CE7EE41D2AC19DC00041D08C = {
			isa = PBXGroup;
			children = (
				CE7EE4282AC19DC00041D08C /* Buoi10-WebServerAssignment */,
				CE7EE4272AC19DC00041D08C /* Products */,
			);
			sourceTree = "<group>";
		};
		CE7EE4272AC19DC00041D08C /* Products */ = {
			isa = PBXGroup;
			children = (
				CE7EE4262AC19DC00041D08C /* Buoi10-WebServerAssignment.app */,
			);
			name = Products;
			sourceTree = "<group>";
		};
		CE7EE4282AC19DC00041D08C /* Buoi10-WebServerAssignment */ = {
			isa = PBXGroup;
			children = (
				CE7EE4412AC2FCD70041D08C /* Other-Files */,
				CE7EE4422AC2FCFD0041D08C /* Assignment1 */,
				CE7EE43F2AC2FBE80041D08C /* Note_ViewController.swift */,
				CE7EE4432AC2FD700041D08C /* Note_TableViewCell.swift */,
				CE7EE42F2AC19DC00041D08C /* Main.storyboard */,
				CE7EE4322AC19DC20041D08C /* Assets.xcassets */,
				CE7EE4372AC19DC20041D08C /* Info.plist */,
			);
			path = "Buoi10-WebServerAssignment";
			sourceTree = "<group>";
		};
		CE7EE4412AC2FCD70041D08C /* Other-Files */ = {
			isa = PBXGroup;
			children = (
				CE7EE4342AC19DC20041D08C /* LaunchScreen.storyboard */,
				CE7EE4292AC19DC00041D08C /* AppDelegate.swift */,
				CE7EE42B2AC19DC00041D08C /* SceneDelegate.swift */,
			);
			path = "Other-Files";
			sourceTree = "<group>";
		};
		CE7EE4422AC2FCFD0041D08C /* Assignment1 */ = {
			isa = PBXGroup;
			children = (
				CE7EE42D2AC19DC00041D08C /* ViewController.swift */,
				CE7EE43D2AC19E220041D08C /* Student_TableViewCell.swift */,
			);
			path = Assignment1;
			sourceTree = "<group>";
		};
/* End PBXGroup section */

/* Begin PBXNativeTarget section */
		CE7EE4252AC19DC00041D08C /* Buoi10-WebServerAssignment */ = {
			isa = PBXNativeTarget;
			buildConfigurationList = CE7EE43A2AC19DC20041D08C /* Build configuration list for PBXNativeTarget "Buoi10-WebServerAssignment" */;
			buildPhases = (
				CE7EE4222AC19DC00041D08C /* Sources */,
				CE7EE4232AC19DC00041D08C /* Frameworks */,
				CE7EE4242AC19DC00041D08C /* Resources */,
			);
			buildRules = (
			);
			dependencies = (
			);
			name = "Buoi10-WebServerAssignment";
			productName = "Buoi10-WebServerAssignment";
			productReference = CE7EE4262AC19DC00041D08C /* Buoi10-WebServerAssignment.app */;
			productType = "com.apple.product-type.application";
		};
/* End PBXNativeTarget section */

/* Begin PBXProject section */
		CE7EE41E2AC19DC00041D08C /* Project object */ = {
			isa = PBXProject;
			attributes = {
				BuildIndependentTargetsInParallel = 1;
				LastSwiftUpdateCheck = 1500;
				LastUpgradeCheck = 1500;
				TargetAttributes = {
					CE7EE4252AC19DC00041D08C = {
						CreatedOnToolsVersion = 15.0;
					};
				};
			};
			buildConfigurationList = CE7EE4212AC19DC00041D08C /* Build configuration list for PBXProject "Buoi10-WebServerAssignment" */;
			compatibilityVersion = "Xcode 14.0";
			developmentRegion = en;
			hasScannedForEncodings = 0;
			knownRegions = (
				en,
				Base,
			);
			mainGroup = CE7EE41D2AC19DC00041D08C;
			productRefGroup = CE7EE4272AC19DC00041D08C /* Products */;
			projectDirPath = "";
			projectRoot = "";
			targets = (
				CE7EE4252AC19DC00041D08C /* Buoi10-WebServerAssignment */,
			);
		};
/* End PBXProject section */

/* Begin PBXResourcesBuildPhase section */
		CE7EE4242AC19DC00041D08C /* Resources */ = {
			isa = PBXResourcesBuildPhase;
			buildActionMask = 2147483647;
			files = (
				CE7EE4362AC19DC20041D08C /* LaunchScreen.storyboard in Resources */,
				CE7EE4332AC19DC20041D08C /* Assets.xcassets in Resources */,
				CE7EE4312AC19DC00041D08C /* Main.storyboard in Resources */,
			);
			runOnlyForDeploymentPostprocessing = 0;
		};
/* End PBXResourcesBuildPhase section */

/* Begin PBXSourcesBuildPhase section */
		CE7EE4222AC19DC00041D08C /* Sources */ = {
			isa = PBXSourcesBuildPhase;
			buildActionMask = 2147483647;
			files = (
				CE7EE42E2AC19DC00041D08C /* ViewController.swift in Sources */,
				CE7EE4402AC2FBE80041D08C /* Note_ViewController.swift in Sources */,
				CE7EE42A2AC19DC00041D08C /* AppDelegate.swift in Sources */,
				CE7EE4442AC2FD700041D08C /* Note_TableViewCell.swift in Sources */,
				CE7EE42C2AC19DC00041D08C /* SceneDelegate.swift in Sources */,
				CE7EE43E2AC19E220041D08C /* Student_TableViewCell.swift in Sources */,
			);
			runOnlyForDeploymentPostprocessing = 0;
		};
/* End PBXSourcesBuildPhase section */

/* Begin PBXVariantGroup section */
		CE7EE42F2AC19DC00041D08C /* Main.storyboard */ = {
			isa = PBXVariantGroup;
			children = (
				CE7EE4302AC19DC00041D08C /* Base */,
			);
			name = Main.storyboard;
			sourceTree = "<group>";
		};
		CE7EE4342AC19DC20041D08C /* LaunchScreen.storyboard */ = {
			isa = PBXVariantGroup;
			children = (
				CE7EE4352AC19DC20041D08C /* Base */,
			);
			name = LaunchScreen.storyboard;
			sourceTree = "<group>";
		};
/* End PBXVariantGroup section */

/* Begin XCBuildConfiguration section */
		CE7EE4382AC19DC20041D08C /* Debug */ = {
			isa = XCBuildConfiguration;
			buildSettings = {
				ALWAYS_SEARCH_USER_PATHS = NO;
				ASSETCATALOG_COMPILER_GENERATE_SWIFT_ASSET_SYMBOL_EXTENSIONS = YES;
				CLANG_ANALYZER_NONNULL = YES;
				CLANG_ANALYZER_NUMBER_OBJECT_CONVERSION = YES_AGGRESSIVE;
				CLANG_CXX_LANGUAGE_STANDARD = "gnu++20";
				CLANG_ENABLE_MODULES = YES;
				CLANG_ENABLE_OBJC_ARC = YES;
				CLANG_ENABLE_OBJC_WEAK = YES;
				CLANG_WARN_BLOCK_CAPTURE_AUTORELEASING = YES;
				CLANG_WARN_BOOL_CONVERSION = YES;
				CLANG_WARN_COMMA = YES;
				CLANG_WARN_CONSTANT_CONVERSION = YES;
				CLANG_WARN_DEPRECATED_OBJC_IMPLEMENTATIONS = YES;
				CLANG_WARN_DIRECT_OBJC_ISA_USAGE = YES_ERROR;
				CLANG_WARN_DOCUMENTATION_COMMENTS = YES;
				CLANG_WARN_EMPTY_BODY = YES;
				CLANG_WARN_ENUM_CONVERSION = YES;
				CLANG_WARN_INFINITE_RECURSION = YES;
				CLANG_WARN_INT_CONVERSION = YES;
				CLANG_WARN_NON_LITERAL_NULL_CONVERSION = YES;
				CLANG_WARN_OBJC_IMPLICIT_RETAIN_SELF = YES;
				CLANG_WARN_OBJC_LITERAL_CONVERSION = YES;
				CLANG_WARN_OBJC_ROOT_CLASS = YES_ERROR;
				CLANG_WARN_QUOTED_INCLUDE_IN_FRAMEWORK_HEADER = YES;
				CLANG_WARN_RANGE_LOOP_ANALYSIS = YES;
				CLANG_WARN_STRICT_PROTOTYPES = YES;
				CLANG_WARN_SUSPICIOUS_MOVE = YES;
				CLANG_WARN_UNGUARDED_AVAILABILITY = YES_AGGRESSIVE;
				CLANG_WARN_UNREACHABLE_CODE = YES;
				CLANG_WARN__DUPLICATE_METHOD_MATCH = YES;
				COPY_PHASE_STRIP = NO;
				DEBUG_INFORMATION_FORMAT = dwarf;
				ENABLE_STRICT_OBJC_MSGSEND = YES;
				ENABLE_TESTABILITY = YES;
				ENABLE_USER_SCRIPT_SANDBOXING = YES;
				GCC_C_LANGUAGE_STANDARD = gnu17;
				GCC_DYNAMIC_NO_PIC = NO;
				GCC_NO_COMMON_BLOCKS = YES;
				GCC_OPTIMIZATION_LEVEL = 0;
				GCC_PREPROCESSOR_DEFINITIONS = (
					"DEBUG=1",
					"$(inherited)",
				);
				GCC_WARN_64_TO_32_BIT_CONVERSION = YES;
				GCC_WARN_ABOUT_RETURN_TYPE = YES_ERROR;
				GCC_WARN_UNDECLARED_SELECTOR = YES;
				GCC_WARN_UNINITIALIZED_AUTOS = YES_AGGRESSIVE;
				GCC_WARN_UNUSED_FUNCTION = YES;
				GCC_WARN_UNUSED_VARIABLE = YES;
				IPHONEOS_DEPLOYMENT_TARGET = 17.0;
				LOCALIZATION_PREFERS_STRING_CATALOGS = YES;
				MTL_ENABLE_DEBUG_INFO = INCLUDE_SOURCE;
				MTL_FAST_MATH = YES;
				ONLY_ACTIVE_ARCH = YES;
				SDKROOT = iphoneos;
				SWIFT_ACTIVE_COMPILATION_CONDITIONS = "DEBUG $(inherited)";
				SWIFT_OPTIMIZATION_LEVEL = "-Onone";
			};
			name = Debug;
		};
		CE7EE4392AC19DC20041D08C /* Release */ = {
			isa = XCBuildConfiguration;
			buildSettings = {
				ALWAYS_SEARCH_USER_PATHS = NO;
				ASSETCATALOG_COMPILER_GENERATE_SWIFT_ASSET_SYMBOL_EXTENSIONS = YES;
				CLANG_ANALYZER_NONNULL = YES;
				CLANG_ANALYZER_NUMBER_OBJECT_CONVERSION = YES_AGGRESSIVE;
				CLANG_CXX_LANGUAGE_STANDARD = "gnu++20";
				CLANG_ENABLE_MODULES = YES;
				CLANG_ENABLE_OBJC_ARC = YES;
				CLANG_ENABLE_OBJC_WEAK = YES;
				CLANG_WARN_BLOCK_CAPTURE_AUTORELEASING = YES;
				CLANG_WARN_BOOL_CONVERSION = YES;
				CLANG_WARN_COMMA = YES;
				CLANG_WARN_CONSTANT_CONVERSION = YES;
				CLANG_WARN_DEPRECATED_OBJC_IMPLEMENTATIONS = YES;
				CLANG_WARN_DIRECT_OBJC_ISA_USAGE = YES_ERROR;
				CLANG_WARN_DOCUMENTATION_COMMENTS = YES;
				CLANG_WARN_EMPTY_BODY = YES;
				CLANG_WARN_ENUM_CONVERSION = YES;
				CLANG_WARN_INFINITE_RECURSION = YES;
				CLANG_WARN_INT_CONVERSION = YES;
				CLANG_WARN_NON_LITERAL_NULL_CONVERSION = YES;
				CLANG_WARN_OBJC_IMPLICIT_RETAIN_SELF = YES;
				CLANG_WARN_OBJC_LITERAL_CONVERSION = YES;
				CLANG_WARN_OBJC_ROOT_CLASS = YES_ERROR;
				CLANG_WARN_QUOTED_INCLUDE_IN_FRAMEWORK_HEADER = YES;
				CLANG_WARN_RANGE_LOOP_ANALYSIS = YES;
				CLANG_WARN_STRICT_PROTOTYPES = YES;
				CLANG_WARN_SUSPICIOUS_MOVE = YES;
				CLANG_WARN_UNGUARDED_AVAILABILITY = YES_AGGRESSIVE;
				CLANG_WARN_UNREACHABLE_CODE = YES;
				CLANG_WARN__DUPLICATE_METHOD_MATCH = YES;
				COPY_PHASE_STRIP = NO;
				DEBUG_INFORMATION_FORMAT = "dwarf-with-dsym";
				ENABLE_NS_ASSERTIONS = NO;
				ENABLE_STRICT_OBJC_MSGSEND = YES;
				ENABLE_USER_SCRIPT_SANDBOXING = YES;
				GCC_C_LANGUAGE_STANDARD = gnu17;
				GCC_NO_COMMON_BLOCKS = YES;
				GCC_WARN_64_TO_32_BIT_CONVERSION = YES;
				GCC_WARN_ABOUT_RETURN_TYPE = YES_ERROR;
				GCC_WARN_UNDECLARED_SELECTOR = YES;
				GCC_WARN_UNINITIALIZED_AUTOS = YES_AGGRESSIVE;
				GCC_WARN_UNUSED_FUNCTION = YES;
				GCC_WARN_UNUSED_VARIABLE = YES;
				IPHONEOS_DEPLOYMENT_TARGET = 17.0;
				LOCALIZATION_PREFERS_STRING_CATALOGS = YES;
				MTL_ENABLE_DEBUG_INFO = NO;
				MTL_FAST_MATH = YES;
				SDKROOT = iphoneos;
				SWIFT_COMPILATION_MODE = wholemodule;
				VALIDATE_PRODUCT = YES;
			};
			name = Release;
		};
		CE7EE43B2AC19DC20041D08C /* Debug */ = {
			isa = XCBuildConfiguration;
			buildSettings = {
				ASSETCATALOG_COMPILER_APPICON_NAME = AppIcon;
				ASSETCATALOG_COMPILER_GLOBAL_ACCENT_COLOR_NAME = AccentColor;
				CODE_SIGN_STYLE = Automatic;
				CURRENT_PROJECT_VERSION = 1;
				GENERATE_INFOPLIST_FILE = YES;
				INFOPLIST_FILE = "Buoi10-WebServerAssignment/Info.plist";
				INFOPLIST_KEY_UIApplicationSupportsIndirectInputEvents = YES;
				INFOPLIST_KEY_UILaunchStoryboardName = LaunchScreen;
				INFOPLIST_KEY_UIMainStoryboardFile = Main;
				INFOPLIST_KEY_UISupportedInterfaceOrientations_iPad = "UIInterfaceOrientationPortrait UIInterfaceOrientationPortraitUpsideDown UIInterfaceOrientationLandscapeLeft UIInterfaceOrientationLandscapeRight";
				INFOPLIST_KEY_UISupportedInterfaceOrientations_iPhone = "UIInterfaceOrientationPortrait UIInterfaceOrientationLandscapeLeft UIInterfaceOrientationLandscapeRight";
				LD_RUNPATH_SEARCH_PATHS = (
					"$(inherited)",
					"@executable_path/Frameworks",
				);
				MARKETING_VERSION = 1.0;
				PRODUCT_BUNDLE_IDENTIFIER = "com.lynnguyen.Buoi10-WebServerAssignment";
				PRODUCT_NAME = "$(TARGET_NAME)";
				SWIFT_EMIT_LOC_STRINGS = YES;
				SWIFT_VERSION = 5.0;
				TARGETED_DEVICE_FAMILY = "1,2";
			};
			name = Debug;
		};
		CE7EE43C2AC19DC20041D08C /* Release */ = {
			isa = XCBuildConfiguration;
			buildSettings = {
				ASSETCATALOG_COMPILER_APPICON_NAME = AppIcon;
				ASSETCATALOG_COMPILER_GLOBAL_ACCENT_COLOR_NAME = AccentColor;
				CODE_SIGN_STYLE = Automatic;
				CURRENT_PROJECT_VERSION = 1;
				GENERATE_INFOPLIST_FILE = YES;
				INFOPLIST_FILE = "Buoi10-WebServerAssignment/Info.plist";
				INFOPLIST_KEY_UIApplicationSupportsIndirectInputEvents = YES;
				INFOPLIST_KEY_UILaunchStoryboardName = LaunchScreen;
				INFOPLIST_KEY_UIMainStoryboardFile = Main;
				INFOPLIST_KEY_UISupportedInterfaceOrientations_iPad = "UIInterfaceOrientationPortrait UIInterfaceOrientationPortraitUpsideDown UIInterfaceOrientationLandscapeLeft UIInterfaceOrientationLandscapeRight";
				INFOPLIST_KEY_UISupportedInterfaceOrientations_iPhone = "UIInterfaceOrientationPortrait UIInterfaceOrientationLandscapeLeft UIInterfaceOrientationLandscapeRight";
				LD_RUNPATH_SEARCH_PATHS = (
					"$(inherited)",
					"@executable_path/Frameworks",
				);
				MARKETING_VERSION = 1.0;
				PRODUCT_BUNDLE_IDENTIFIER = "com.lynnguyen.Buoi10-WebServerAssignment";
				PRODUCT_NAME = "$(TARGET_NAME)";
				SWIFT_EMIT_LOC_STRINGS = YES;
				SWIFT_VERSION = 5.0;
				TARGETED_DEVICE_FAMILY = "1,2";
			};
			name = Release;
		};
/* End XCBuildConfiguration section */

/* Begin XCConfigurationList section */
		CE7EE4212AC19DC00041D08C /* Build configuration list for PBXProject "Buoi10-WebServerAssignment" */ = {
			isa = XCConfigurationList;
			buildConfigurations = (
				CE7EE4382AC19DC20041D08C /* Debug */,
				CE7EE4392AC19DC20041D08C /* Release */,
			);
			defaultConfigurationIsVisible = 0;
			defaultConfigurationName = Release;
		};
		CE7EE43A2AC19DC20041D08C /* Build configuration list for PBXNativeTarget "Buoi10-WebServerAssignment" */ = {
			isa = XCConfigurationList;
			buildConfigurations = (
				CE7EE43B2AC19DC20041D08C /* Debug */,
				CE7EE43C2AC19DC20041D08C /* Release */,
			);
			defaultConfigurationIsVisible = 0;
			defaultConfigurationName = Release;
		};
/* End XCConfigurationList section */
	};
	rootObject = CE7EE41E2AC19DC00041D08C /* Project object */;
}
